// !$*UTF8*$!
{
	archiveVersion = 1;
	classes = {
	};
	objectVersion = 46;
	objects = {

/* Begin PBXBuildFile section */
		F255C5571F1491FB00BD10B3 /* AppDelegate.m in Sources */ = {isa = PBXBuildFile; fileRef = F255C54B1F1491FB00BD10B3 /* AppDelegate.m */; };
		F255C5581F1491FB00BD10B3 /* Assets.xcassets in Resources */ = {isa = PBXBuildFile; fileRef = F255C54C1F1491FB00BD10B3 /* Assets.xcassets */; };
		F255C5591F1491FB00BD10B3 /* LaunchScreen.storyboard in Resources */ = {isa = PBXBuildFile; fileRef = F255C54D1F1491FB00BD10B3 /* LaunchScreen.storyboard */; };
		F255C55A1F1491FB00BD10B3 /* Main.storyboard in Resources */ = {isa = PBXBuildFile; fileRef = F255C54F1F1491FB00BD10B3 /* Main.storyboard */; };
		F255C55B1F1491FB00BD10B3 /* CustomizationViewController.m in Sources */ = {isa = PBXBuildFile; fileRef = F255C5521F1491FB00BD10B3 /* CustomizationViewController.m */; };
		F255C55D1F1491FB00BD10B3 /* main.m in Sources */ = {isa = PBXBuildFile; fileRef = F255C5541F1491FB00BD10B3 /* main.m */; };
		F255C55E1F1491FB00BD10B3 /* ViewController.m in Sources */ = {isa = PBXBuildFile; fileRef = F255C5561F1491FB00BD10B3 /* ViewController.m */; };
		F255C5661F14932600BD10B3 /* UINavigationController+DAPowerfulCustomization.m in Sources */ = {isa = PBXBuildFile; fileRef = F255C5651F14932600BD10B3 /* UINavigationController+DAPowerfulCustomization.m */; };
/* End PBXBuildFile section */

/* Begin PBXFileReference section */
		F255C4E21F1477BC00BD10B3 /* UINavigationController+DAPowerfulCustomizationDemo.app */ = {isa = PBXFileReference; explicitFileType = wrapper.application; includeInIndex = 0; path = "UINavigationController+DAPowerfulCustomizationDemo.app"; sourceTree = BUILT_PRODUCTS_DIR; };
		F255C54A1F1491FB00BD10B3 /* AppDelegate.h */ = {isa = PBXFileReference; fileEncoding = 4; lastKnownFileType = sourcecode.c.h; path = AppDelegate.h; sourceTree = "<group>"; };
		F255C54B1F1491FB00BD10B3 /* AppDelegate.m */ = {isa = PBXFileReference; fileEncoding = 4; lastKnownFileType = sourcecode.c.objc; path = AppDelegate.m; sourceTree = "<group>"; };
		F255C54C1F1491FB00BD10B3 /* Assets.xcassets */ = {isa = PBXFileReference; lastKnownFileType = folder.assetcatalog; path = Assets.xcassets; sourceTree = "<group>"; };
		F255C54E1F1491FB00BD10B3 /* Base */ = {isa = PBXFileReference; lastKnownFileType = file.storyboard; name = Base; path = Base.lproj/LaunchScreen.storyboard; sourceTree = "<group>"; };
		F255C5501F1491FB00BD10B3 /* Base */ = {isa = PBXFileReference; lastKnownFileType = file.storyboard; name = Base; path = Base.lproj/Main.storyboard; sourceTree = "<group>"; };
		F255C5511F1491FB00BD10B3 /* CustomizationViewController.h */ = {isa = PBXFileReference; fileEncoding = 4; lastKnownFileType = sourcecode.c.h; path = CustomizationViewController.h; sourceTree = "<group>"; };
		F255C5521F1491FB00BD10B3 /* CustomizationViewController.m */ = {isa = PBXFileReference; fileEncoding = 4; lastKnownFileType = sourcecode.c.objc; path = CustomizationViewController.m; sourceTree = "<group>"; };
		F255C5531F1491FB00BD10B3 /* Info.plist */ = {isa = PBXFileReference; fileEncoding = 4; lastKnownFileType = text.plist.xml; path = Info.plist; sourceTree = "<group>"; };
		F255C5541F1491FB00BD10B3 /* main.m */ = {isa = PBXFileReference; fileEncoding = 4; lastKnownFileType = sourcecode.c.objc; path = main.m; sourceTree = "<group>"; };
		F255C5551F1491FB00BD10B3 /* ViewController.h */ = {isa = PBXFileReference; fileEncoding = 4; lastKnownFileType = sourcecode.c.h; path = ViewController.h; sourceTree = "<group>"; };
		F255C5561F1491FB00BD10B3 /* ViewController.m */ = {isa = PBXFileReference; fileEncoding = 4; lastKnownFileType = sourcecode.c.objc; path = ViewController.m; sourceTree = "<group>"; };
		F255C5641F14932600BD10B3 /* UINavigationController+DAPowerfulCustomization.h */ = {isa = PBXFileReference; fileEncoding = 4; lastKnownFileType = sourcecode.c.h; path = "UINavigationController+DAPowerfulCustomization.h"; sourceTree = "<group>"; };
		F255C5651F14932600BD10B3 /* UINavigationController+DAPowerfulCustomization.m */ = {isa = PBXFileReference; fileEncoding = 4; lastKnownFileType = sourcecode.c.objc; path = "UINavigationController+DAPowerfulCustomization.m"; sourceTree = "<group>"; };
/* End PBXFileReference section */

/* Begin PBXFrameworksBuildPhase section */
		F255C4DF1F1477BC00BD10B3 /* Frameworks */ = {
			isa = PBXFrameworksBuildPhase;
			buildActionMask = 2147483647;
			files = (
			);
			runOnlyForDeploymentPostprocessing = 0;
		};
/* End PBXFrameworksBuildPhase section */

/* Begin PBXGroup section */
		F255C4D91F1477BC00BD10B3 = {
			isa = PBXGroup;
			children = (
				F255C5491F1491FB00BD10B3 /* UINavigationController+DAPowerfulCustomizationDemo */,
				F255C4E31F1477BC00BD10B3 /* Products */,
			);
			sourceTree = "<group>";
		};
		F255C4E31F1477BC00BD10B3 /* Products */ = {
			isa = PBXGroup;
			children = (
				F255C4E21F1477BC00BD10B3 /* UINavigationController+DAPowerfulCustomizationDemo.app */,
			);
			name = Products;
			sourceTree = "<group>";
		};
		F255C5491F1491FB00BD10B3 /* UINavigationController+DAPowerfulCustomizationDemo */ = {
			isa = PBXGroup;
			children = (
				F255C5631F14932600BD10B3 /* UINavigationController+DAPowerfulCustomization */,
				F255C54A1F1491FB00BD10B3 /* AppDelegate.h */,
				F255C54B1F1491FB00BD10B3 /* AppDelegate.m */,
				F255C5511F1491FB00BD10B3 /* CustomizationViewController.h */,
				F255C5521F1491FB00BD10B3 /* CustomizationViewController.m */,
				F255C5551F1491FB00BD10B3 /* ViewController.h */,
				F255C5561F1491FB00BD10B3 /* ViewController.m */,
				F255C54C1F1491FB00BD10B3 /* Assets.xcassets */,
				F255C54D1F1491FB00BD10B3 /* LaunchScreen.storyboard */,
				F255C54F1F1491FB00BD10B3 /* Main.storyboard */,
				F255C5531F1491FB00BD10B3 /* Info.plist */,
				F255C5541F1491FB00BD10B3 /* main.m */,
			);
			path = "UINavigationController+DAPowerfulCustomizationDemo";
			sourceTree = "<group>";
		};
		F255C5631F14932600BD10B3 /* UINavigationController+DAPowerfulCustomization */ = {
			isa = PBXGroup;
			children = (
				F255C5641F14932600BD10B3 /* UINavigationController+DAPowerfulCustomization.h */,
				F255C5651F14932600BD10B3 /* UINavigationController+DAPowerfulCustomization.m */,
			);
			name = "UINavigationController+DAPowerfulCustomization";
			path = "../../UINavigationController+DAPowerfulCustomization";
			sourceTree = "<group>";
		};
/* End PBXGroup section */

/* Begin PBXNativeTarget section */
		F255C4E11F1477BC00BD10B3 /* UINavigationController+DAPowerfulCustomizationDemo */ = {
			isa = PBXNativeTarget;
			buildConfigurationList = F255C50F1F1477BC00BD10B3 /* Build configuration list for PBXNativeTarget "UINavigationController+DAPowerfulCustomizationDemo" */;
			buildPhases = (
				F255C4DE1F1477BC00BD10B3 /* Sources */,
				F255C4DF1F1477BC00BD10B3 /* Frameworks */,
				F255C4E01F1477BC00BD10B3 /* Resources */,
			);
			buildRules = (
			);
			dependencies = (
			);
			name = "UINavigationController+DAPowerfulCustomizationDemo";
			productName = "UINavigationController+DAPowerfulCustomization";
			productReference = F255C4E21F1477BC00BD10B3 /* UINavigationController+DAPowerfulCustomizationDemo.app */;
			productType = "com.apple.product-type.application";
		};
/* End PBXNativeTarget section */

/* Begin PBXProject section */
		F255C4DA1F1477BC00BD10B3 /* Project object */ = {
			isa = PBXProject;
			attributes = {
				LastUpgradeCheck = 0900;
				ORGANIZATIONNAME = DarkAngel;
				TargetAttributes = {
					F255C4E11F1477BC00BD10B3 = {
						CreatedOnToolsVersion = 8.3.3;
						DevelopmentTeam = GM8DN4C6AS;
						ProvisioningStyle = Automatic;
					};
				};
			};
			buildConfigurationList = F255C4DD1F1477BC00BD10B3 /* Build configuration list for PBXProject "UINavigationController+DAPowerfulCustomizationDemo" */;
			compatibilityVersion = "Xcode 3.2";
			developmentRegion = English;
			hasScannedForEncodings = 0;
			knownRegions = (
				en,
				Base,
			);
			mainGroup = F255C4D91F1477BC00BD10B3;
			productRefGroup = F255C4E31F1477BC00BD10B3 /* Products */;
			projectDirPath = "";
			projectRoot = "";
			targets = (
				F255C4E11F1477BC00BD10B3 /* UINavigationController+DAPowerfulCustomizationDemo */,
			);
		};
/* End PBXProject section */

/* Begin PBXResourcesBuildPhase section */
		F255C4E01F1477BC00BD10B3 /* Resources */ = {
			isa = PBXResourcesBuildPhase;
			buildActionMask = 2147483647;
			files = (
				F255C55A1F1491FB00BD10B3 /* Main.storyboard in Resources */,
				F255C5581F1491FB00BD10B3 /* Assets.xcassets in Resources */,
				F255C5591F1491FB00BD10B3 /* LaunchScreen.storyboard in Resources */,
			);
			runOnlyForDeploymentPostprocessing = 0;
		};
/* End PBXResourcesBuildPhase section */

/* Begin PBXSourcesBuildPhase section */
		F255C4DE1F1477BC00BD10B3 /* Sources */ = {
			isa = PBXSourcesBuildPhase;
			buildActionMask = 2147483647;
			files = (
				F255C5571F1491FB00BD10B3 /* AppDelegate.m in Sources */,
				F255C55D1F1491FB00BD10B3 /* main.m in Sources */,
				F255C5661F14932600BD10B3 /* UINavigationController+DAPowerfulCustomization.m in Sources */,
				F255C55B1F1491FB00BD10B3 /* CustomizationViewController.m in Sources */,
				F255C55E1F1491FB00BD10B3 /* ViewController.m in Sources */,
			);
			runOnlyForDeploymentPostprocessing = 0;
		};
/* End PBXSourcesBuildPhase section */

/* Begin PBXVariantGroup section */
		F255C54D1F1491FB00BD10B3 /* LaunchScreen.storyboard */ = {
			isa = PBXVariantGroup;
			children = (
				F255C54E1F1491FB00BD10B3 /* Base */,
			);
			name = LaunchScreen.storyboard;
			sourceTree = "<group>";
		};
		F255C54F1F1491FB00BD10B3 /* Main.storyboard */ = {
			isa = PBXVariantGroup;
			children = (
				F255C5501F1491FB00BD10B3 /* Base */,
			);
			name = Main.storyboard;
			sourceTree = "<group>";
		};
/* End PBXVariantGroup section */

/* Begin XCBuildConfiguration section */
		F255C50D1F1477BC00BD10B3 /* Debug */ = {
			isa = XCBuildConfiguration;
			buildSettings = {
				ALWAYS_SEARCH_USER_PATHS = NO;
				CLANG_ANALYZER_NONNULL = YES;
				CLANG_ANALYZER_NUMBER_OBJECT_CONVERSION = YES_AGGRESSIVE;
				CLANG_CXX_LANGUAGE_STANDARD = "gnu++0x";
				CLANG_CXX_LIBRARY = "libc++";
				CLANG_ENABLE_MODULES = YES;
				CLANG_ENABLE_OBJC_ARC = YES;
				CLANG_WARN_BLOCK_CAPTURE_AUTORELEASING = YES;
				CLANG_WARN_BOOL_CONVERSION = YES;
				CLANG_WARN_COMMA = YES;
				CLANG_WARN_CONSTANT_CONVERSION = YES;
				CLANG_WARN_DIRECT_OBJC_ISA_USAGE = YES_ERROR;
				CLANG_WARN_DOCUMENTATION_COMMENTS = YES;
				CLANG_WARN_EMPTY_BODY = YES;
				CLANG_WARN_ENUM_CONVERSION = YES;
				CLANG_WARN_INFINITE_RECURSION = YES;
				CLANG_WARN_INT_CONVERSION = YES;
				CLANG_WARN_NON_LITERAL_NULL_CONVERSION = YES;
				CLANG_WARN_OBJC_LITERAL_CONVERSION = YES;
				CLANG_WARN_OBJC_ROOT_CLASS = YES_ERROR;
				CLANG_WARN_RANGE_LOOP_ANALYSIS = YES;
				CLANG_WARN_STRICT_PROTOTYPES = YES;
				CLANG_WARN_SUSPICIOUS_MOVE = YES;
				CLANG_WARN_UNREACHABLE_CODE = YES;
				CLANG_WARN__DUPLICATE_METHOD_MATCH = YES;
				"CODE_SIGN_IDENTITY[sdk=iphoneos*]" = "iPhone Developer";
				COPY_PHASE_STRIP = NO;
				DEBUG_INFORMATION_FORMAT = dwarf;
				ENABLE_STRICT_OBJC_MSGSEND = YES;
				ENABLE_TESTABILITY = YES;
				GCC_C_LANGUAGE_STANDARD = gnu99;
				GCC_DYNAMIC_NO_PIC = NO;
				GCC_NO_COMMON_BLOCKS = YES;
				GCC_OPTIMIZATION_LEVEL = 0;
				GCC_PREPROCESSOR_DEFINITIONS = (
					"DEBUG=1",
					"$(inherited)",
				);
				GCC_WARN_64_TO_32_BIT_CONVERSION = YES;
				GCC_WARN_ABOUT_RETURN_TYPE = YES_ERROR;
				GCC_WARN_UNDECLARED_SELECTOR = YES;
				GCC_WARN_UNINITIALIZED_AUTOS = YES_AGGRESSIVE;
				GCC_WARN_UNUSED_FUNCTION = YES;
				GCC_WARN_UNUSED_VARIABLE = YES;
				IPHONEOS_DEPLOYMENT_TARGET = 9.0;
				MTL_ENABLE_DEBUG_INFO = YES;
				ONLY_ACTIVE_ARCH = YES;
				SDKROOT = iphoneos;
				TARGETED_DEVICE_FAMILY = "1,2";
			};
			name = Debug;
		};
		F255C50E1F1477BC00BD10B3 /* Release */ = {
			isa = XCBuildConfiguration;
			buildSettings = {
				ALWAYS_SEARCH_USER_PATHS = NO;
				CLANG_ANALYZER_NONNULL = YES;
				CLANG_ANALYZER_NUMBER_OBJECT_CONVERSION = YES_AGGRESSIVE;
				CLANG_CXX_LANGUAGE_STANDARD = "gnu++0x";
				CLANG_CXX_LIBRARY = "libc++";
				CLANG_ENABLE_MODULES = YES;
				CLANG_ENABLE_OBJC_ARC = YES;
				CLANG_WARN_BLOCK_CAPTURE_AUTORELEASING = YES;
				CLANG_WARN_BOOL_CONVERSION = YES;
				CLANG_WARN_COMMA = YES;
				CLANG_WARN_CONSTANT_CONVERSION = YES;
				CLANG_WARN_DIRECT_OBJC_ISA_USAGE = YES_ERROR;
				CLANG_WARN_DOCUMENTATION_COMMENTS = YES;
				CLANG_WARN_EMPTY_BODY = YES;
				CLANG_WARN_ENUM_CONVERSION = YES;
				CLANG_WARN_INFINITE_RECURSION = YES;
				CLANG_WARN_INT_CONVERSION = YES;
				CLANG_WARN_NON_LITERAL_NULL_CONVERSION = YES;
				CLANG_WARN_OBJC_LITERAL_CONVERSION = YES;
				CLANG_WARN_OBJC_ROOT_CLASS = YES_ERROR;
				CLANG_WARN_RANGE_LOOP_ANALYSIS = YES;
				CLANG_WARN_STRICT_PROTOTYPES = YES;
				CLANG_WARN_SUSPICIOUS_MOVE = YES;
				CLANG_WARN_UNREACHABLE_CODE = YES;
				CLANG_WARN__DUPLICATE_METHOD_MATCH = YES;
				"CODE_SIGN_IDENTITY[sdk=iphoneos*]" = "iPhone Developer";
				COPY_PHASE_STRIP = NO;
				DEBUG_INFORMATION_FORMAT = "dwarf-with-dsym";
				ENABLE_NS_ASSERTIONS = NO;
				ENABLE_STRICT_OBJC_MSGSEND = YES;
				GCC_C_LANGUAGE_STANDARD = gnu99;
				GCC_NO_COMMON_BLOCKS = YES;
				GCC_WARN_64_TO_32_BIT_CONVERSION = YES;
				GCC_WARN_ABOUT_RETURN_TYPE = YES_ERROR;
				GCC_WARN_UNDECLARED_SELECTOR = YES;
				GCC_WARN_UNINITIALIZED_AUTOS = YES_AGGRESSIVE;
				GCC_WARN_UNUSED_FUNCTION = YES;
				GCC_WARN_UNUSED_VARIABLE = YES;
				IPHONEOS_DEPLOYMENT_TARGET = 9.0;
				MTL_ENABLE_DEBUG_INFO = NO;
				SDKROOT = iphoneos;
				TARGETED_DEVICE_FAMILY = "1,2";
				VALIDATE_PRODUCT = YES;
			};
			name = Release;
		};
		F255C5101F1477BC00BD10B3 /* Debug */ = {
			isa = XCBuildConfiguration;
			buildSettings = {
				ASSETCATALOG_COMPILER_APPICON_NAME = AppIcon;
				DEVELOPMENT_TEAM = GM8DN4C6AS;
				INFOPLIST_FILE = "$(SRCROOT)/UINavigationController+DAPowerfulCustomizationDemo/Info.plist";
				IPHONEOS_DEPLOYMENT_TARGET = 9.0;
				LD_RUNPATH_SEARCH_PATHS = "$(inherited) @executable_path/Frameworks";
				PRODUCT_BUNDLE_IDENTIFIER = "-.UINavigationController-DAPowerfulCustomization";
				PRODUCT_NAME = "$(TARGET_NAME)";
			};
			name = Debug;
		};
		F255C5111F1477BC00BD10B3 /* Release */ = {
			isa = XCBuildConfiguration;
			buildSettings = {
				ASSETCATALOG_COMPILER_APPICON_NAME = AppIcon;
				DEVELOPMENT_TEAM = GM8DN4C6AS;
				INFOPLIST_FILE = "$(SRCROOT)/UINavigationController+DAPowerfulCustomizationDemo/Info.plist";
				IPHONEOS_DEPLOYMENT_TARGET = 9.0;
				LD_RUNPATH_SEARCH_PATHS = "$(inherited) @executable_path/Frameworks";
				PRODUCT_BUNDLE_IDENTIFIER = "-.UINavigationController-DAPowerfulCustomization";
				PRODUCT_NAME = "$(TARGET_NAME)";
			};
			name = Release;
		};
/* End XCBuildConfiguration section */

/* Begin XCConfigurationList section */
		F255C4DD1F1477BC00BD10B3 /* Build configuration list for PBXProject "UINavigationController+DAPowerfulCustomizationDemo" */ = {
			isa = XCConfigurationList;
			buildConfigurations = (
				F255C50D1F1477BC00BD10B3 /* Debug */,
				F255C50E1F1477BC00BD10B3 /* Release */,
			);
			defaultConfigurationIsVisible = 0;
			defaultConfigurationName = Release;
		};
		F255C50F1F1477BC00BD10B3 /* Build configuration list for PBXNativeTarget "UINavigationController+DAPowerfulCustomizationDemo" */ = {
			isa = XCConfigurationList;
			buildConfigurations = (
				F255C5101F1477BC00BD10B3 /* Debug */,
				F255C5111F1477BC00BD10B3 /* Release */,
			);
			defaultConfigurationIsVisible = 0;
			defaultConfigurationName = Release;
		};
/* End XCConfigurationList section */
	};
	rootObject = F255C4DA1F1477BC00BD10B3 /* Project object */;
}
